
Microsoft Visual Studio Solution File, Format Version 12.00
# Visual Studio Version 16
VisualStudioVersion = 16.0.30503.244
MinimumVisualStudioVersion = 10.0.40219.1
Project("{FAE04EC0-301F-11D3-BF4B-00C04F79EFBC}") = "jlv3dc_gyak11", "jlv3dc_gyak11\jlv3dc_gyak11.csproj", "{D94E4543-C657-4200-937D-B538C570A7D9}"
EndProject
Global
	GlobalSection(SolutionConfigurationPlatforms) = preSolution
		Debug|Any CPU = Debug|Any CPU
		Release|Any CPU = Release|Any CPU
	EndGlobalSection
	GlobalSection(ProjectConfigurationPlatforms) = postSolution
		{D94E4543-C657-4200-937D-B538C570A7D9}.Debug|Any CPU.ActiveCfg = Debug|Any CPU
		{D94E4543-C657-4200-937D-B538C570A7D9}.Debug|Any CPU.Build.0 = Debug|Any CPU
		{D94E4543-C657-4200-937D-B538C570A7D9}.Release|Any CPU.ActiveCfg = Release|Any CPU
		{D94E4543-C657-4200-937D-B538C570A7D9}.Release|Any CPU.Build.0 = Release|Any CPU
	EndGlobalSection
	GlobalSection(SolutionProperties) = preSolution
		HideSolutionNode = FALSE
	EndGlobalSection
	GlobalSection(ExtensibilityGlobals) = postSolution
		SolutionGuid = {80D86FA3-F101-442B-929E-903A7AAFCD5D}
	EndGlobalSection
EndGlobal
